// !$*UTF8*$!
{
	archiveVersion = 1;
	classes = {
	};
	objectVersion = 48;
	objects = {

/* Begin PBXBuildFile section */
		636E12981F88DBB10010396F /* AppDelegate.swift in Sources */ = {isa = PBXBuildFile; fileRef = 636E12971F88DBB10010396F /* AppDelegate.swift */; };
		636E129A1F88DBB10010396F /* ViewController.swift in Sources */ = {isa = PBXBuildFile; fileRef = 636E12991F88DBB10010396F /* ViewController.swift */; };
		636E129D1F88DBB10010396F /* Main.storyboard in Resources */ = {isa = PBXBuildFile; fileRef = 636E129B1F88DBB10010396F /* Main.storyboard */; };
		636E129F1F88DBB10010396F /* Assets.xcassets in Resources */ = {isa = PBXBuildFile; fileRef = 636E129E1F88DBB10010396F /* Assets.xcassets */; };
		636E12A21F88DBB10010396F /* LaunchScreen.storyboard in Resources */ = {isa = PBXBuildFile; fileRef = 636E12A01F88DBB10010396F /* LaunchScreen.storyboard */; };
		636E12AD1F88DBB20010396F /* AppTests.swift in Sources */ = {isa = PBXBuildFile; fileRef = 636E12AC1F88DBB20010396F /* AppTests.swift */; };
		636E12B81F88DBB20010396F /* AppUITests.swift in Sources */ = {isa = PBXBuildFile; fileRef = 636E12B71F88DBB20010396F /* AppUITests.swift */; };
/* End PBXBuildFile section */

/* Begin PBXContainerItemProxy section */
		636E12A91F88DBB20010396F /* PBXContainerItemProxy */ = {
			isa = PBXContainerItemProxy;
			containerPortal = 636E128C1F88DBB10010396F /* Project object */;
			proxyType = 1;
			remoteGlobalIDString = 636E12931F88DBB10010396F;
			remoteInfo = App;
		};
		636E12B41F88DBB20010396F /* PBXContainerItemProxy */ = {
			isa = PBXContainerItemProxy;
			containerPortal = 636E128C1F88DBB10010396F /* Project object */;
			proxyType = 1;
			remoteGlobalIDString = 636E12931F88DBB10010396F;
			remoteInfo = App;
		};
/* End PBXContainerItemProxy section */

/* Begin PBXFileReference section */
		636E12941F88DBB10010396F /* App.app */ = {isa = PBXFileReference; explicitFileType = wrapper.application; includeInIndex = 0; path = App.app; sourceTree = BUILT_PRODUCTS_DIR; };
		636E12971F88DBB10010396F /* AppDelegate.swift */ = {isa = PBXFileReference; lastKnownFileType = sourcecode.swift; path = AppDelegate.swift; sourceTree = "<group>"; };
		636E12991F88DBB10010396F /* ViewController.swift */ = {isa = PBXFileReference; lastKnownFileType = sourcecode.swift; path = ViewController.swift; sourceTree = "<group>"; };
		636E129C1F88DBB10010396F /* Base */ = {isa = PBXFileReference; lastKnownFileType = file.storyboard; name = Base; path = Base.lproj/Main.storyboard; sourceTree = "<group>"; };
		636E129E1F88DBB10010396F /* Assets.xcassets */ = {isa = PBXFileReference; lastKnownFileType = folder.assetcatalog; path = Assets.xcassets; sourceTree = "<group>"; };
		636E12A11F88DBB10010396F /* Base */ = {isa = PBXFileReference; lastKnownFileType = file.storyboard; name = Base; path = Base.lproj/LaunchScreen.storyboard; sourceTree = "<group>"; };
		636E12A31F88DBB10010396F /* Info.plist */ = {isa = PBXFileReference; lastKnownFileType = text.plist.xml; path = Info.plist; sourceTree = "<group>"; };
		636E12A81F88DBB20010396F /* AppTests.xctest */ = {isa = PBXFileReference; explicitFileType = wrapper.cfbundle; includeInIndex = 0; path = AppTests.xctest; sourceTree = BUILT_PRODUCTS_DIR; };
		636E12AC1F88DBB20010396F /* AppTests.swift */ = {isa = PBXFileReference; lastKnownFileType = sourcecode.swift; path = AppTests.swift; sourceTree = "<group>"; };
		636E12AE1F88DBB20010396F /* Info.plist */ = {isa = PBXFileReference; lastKnownFileType = text.plist.xml; path = Info.plist; sourceTree = "<group>"; };
		636E12B31F88DBB20010396F /* AppUITests.xctest */ = {isa = PBXFileReference; explicitFileType = wrapper.cfbundle; includeInIndex = 0; path = AppUITests.xctest; sourceTree = BUILT_PRODUCTS_DIR; };
		636E12B71F88DBB20010396F /* AppUITests.swift */ = {isa = PBXFileReference; lastKnownFileType = sourcecode.swift; path = AppUITests.swift; sourceTree = "<group>"; };
		636E12B91F88DBB20010396F /* Info.plist */ = {isa = PBXFileReference; lastKnownFileType = text.plist.xml; path = Info.plist; sourceTree = "<group>"; };
/* End PBXFileReference section */

/* Begin PBXFrameworksBuildPhase section */
		636E12911F88DBB10010396F /* Frameworks */ = {
			isa = PBXFrameworksBuildPhase;
			buildActionMask = 2147483647;
			files = (
			);
			runOnlyForDeploymentPostprocessing = 0;
		};
		636E12A51F88DBB20010396F /* Frameworks */ = {
			isa = PBXFrameworksBuildPhase;
			buildActionMask = 2147483647;
			files = (
			);
			runOnlyForDeploymentPostprocessing = 0;
		};
		636E12B01F88DBB20010396F /* Frameworks */ = {
			isa = PBXFrameworksBuildPhase;
			buildActionMask = 2147483647;
			files = (
			);
			runOnlyForDeploymentPostprocessing = 0;
		};
/* End PBXFrameworksBuildPhase section */

/* Begin PBXGroup section */
		636E128B1F88DBB10010396F = {
			isa = PBXGroup;
			children = (
				636E12961F88DBB10010396F /* App */,
				636E12AB1F88DBB20010396F /* AppTests */,
				636E12B61F88DBB20010396F /* AppUITests */,
				636E12951F88DBB10010396F /* Products */,
			);
			sourceTree = "<group>";
		};
		636E12951F88DBB10010396F /* Products */ = {
			isa = PBXGroup;
			children = (
				636E12941F88DBB10010396F /* App.app */,
				636E12A81F88DBB20010396F /* AppTests.xctest */,
				636E12B31F88DBB20010396F /* AppUITests.xctest */,
			);
			name = Products;
			sourceTree = "<group>";
		};
		636E12961F88DBB10010396F /* App */ = {
			isa = PBXGroup;
			children = (
				636E12971F88DBB10010396F /* AppDelegate.swift */,
				636E12991F88DBB10010396F /* ViewController.swift */,
				636E129B1F88DBB10010396F /* Main.storyboard */,
				636E129E1F88DBB10010396F /* Assets.xcassets */,
				636E12A01F88DBB10010396F /* LaunchScreen.storyboard */,
				636E12A31F88DBB10010396F /* Info.plist */,
			);
			path = App;
			sourceTree = "<group>";
		};
		636E12AB1F88DBB20010396F /* AppTests */ = {
			isa = PBXGroup;
			children = (
				636E12AC1F88DBB20010396F /* AppTests.swift */,
				636E12AE1F88DBB20010396F /* Info.plist */,
			);
			path = AppTests;
			sourceTree = "<group>";
		};
		636E12B61F88DBB20010396F /* AppUITests */ = {
			isa = PBXGroup;
			children = (
				636E12B71F88DBB20010396F /* AppUITests.swift */,
				636E12B91F88DBB20010396F /* Info.plist */,
			);
			path = AppUITests;
			sourceTree = "<group>";
		};
/* End PBXGroup section */

/* Begin PBXNativeTarget section */
		636E12931F88DBB10010396F /* App */ = {
			isa = PBXNativeTarget;
			buildConfigurationList = 636E12BC1F88DBB20010396F /* Build configuration list for PBXNativeTarget "App" */;
			buildPhases = (
				636E12901F88DBB10010396F /* Sources */,
				636E12911F88DBB10010396F /* Frameworks */,
				636E12921F88DBB10010396F /* Resources */,
			);
			buildRules = (
			);
			dependencies = (
			);
			name = App;
			productName = App;
			productReference = 636E12941F88DBB10010396F /* App.app */;
			productType = "com.apple.product-type.application";
		};
		636E12A71F88DBB20010396F /* AppTests */ = {
			isa = PBXNativeTarget;
			buildConfigurationList = 636E12BF1F88DBB20010396F /* Build configuration list for PBXNativeTarget "AppTests" */;
			buildPhases = (
				636E12A41F88DBB20010396F /* Sources */,
				636E12A51F88DBB20010396F /* Frameworks */,
				636E12A61F88DBB20010396F /* Resources */,
			);
			buildRules = (
			);
			dependencies = (
				636E12AA1F88DBB20010396F /* PBXTargetDependency */,
			);
			name = AppTests;
			productName = AppTests;
			productReference = 636E12A81F88DBB20010396F /* AppTests.xctest */;
			productType = "com.apple.product-type.bundle.unit-test";
		};
		636E12B21F88DBB20010396F /* AppUITests */ = {
			isa = PBXNativeTarget;
			buildConfigurationList = 636E12C21F88DBB20010396F /* Build configuration list for PBXNativeTarget "AppUITests" */;
			buildPhases = (
				636E12AF1F88DBB20010396F /* Sources */,
				636E12B01F88DBB20010396F /* Frameworks */,
				636E12B11F88DBB20010396F /* Resources */,
			);
			buildRules = (
			);
			dependencies = (
				636E12B51F88DBB20010396F /* PBXTargetDependency */,
			);
			name = AppUITests;
			productName = AppUITests;
			productReference = 636E12B31F88DBB20010396F /* AppUITests.xctest */;
			productType = "com.apple.product-type.bundle.ui-testing";
		};
/* End PBXNativeTarget section */

/* Begin PBXProject section */
		636E128C1F88DBB10010396F /* Project object */ = {
			isa = PBXProject;
			attributes = {
				LastSwiftUpdateCheck = 0900;
				LastUpgradeCheck = 0900;
				ORGANIZATIONNAME = "David Kababyan";
				TargetAttributes = {
					636E12931F88DBB10010396F = {
						CreatedOnToolsVersion = 9.0;
						ProvisioningStyle = Automatic;
					};
					636E12A71F88DBB20010396F = {
						CreatedOnToolsVersion = 9.0;
						ProvisioningStyle = Automatic;
						TestTargetID = 636E12931F88DBB10010396F;
					};
					636E12B21F88DBB20010396F = {
						CreatedOnToolsVersion = 9.0;
						ProvisioningStyle = Automatic;
						TestTargetID = 636E12931F88DBB10010396F;
					};
				};
			};
			buildConfigurationList = 636E128F1F88DBB10010396F /* Build configuration list for PBXProject "App" */;
			compatibilityVersion = "Xcode 8.0";
			developmentRegion = en;
			hasScannedForEncodings = 0;
			knownRegions = (
				en,
				Base,
			);
			mainGroup = 636E128B1F88DBB10010396F;
			productRefGroup = 636E12951F88DBB10010396F /* Products */;
			projectDirPath = "";
			projectRoot = "";
			targets = (
				636E12931F88DBB10010396F /* App */,
				636E12A71F88DBB20010396F /* AppTests */,
				636E12B21F88DBB20010396F /* AppUITests */,
			);
		};
/* End PBXProject section */

/* Begin PBXResourcesBuildPhase section */
		636E12921F88DBB10010396F /* Resources */ = {
			isa = PBXResourcesBuildPhase;
			buildActionMask = 2147483647;
			files = (
				636E12A21F88DBB10010396F /* LaunchScreen.storyboard in Resources */,
				636E129F1F88DBB10010396F /* Assets.xcassets in Resources */,
				636E129D1F88DBB10010396F /* Main.storyboard in Resources */,
			);
			runOnlyForDeploymentPostprocessing = 0;
		};
		636E12A61F88DBB20010396F /* Resources */ = {
			isa = PBXResourcesBuildPhase;
			buildActionMask = 2147483647;
			files = (
			);
			runOnlyForDeploymentPostprocessing = 0;
		};
		636E12B11F88DBB20010396F /* Resources */ = {
			isa = PBXResourcesBuildPhase;
			buildActionMask = 2147483647;
			files = (
			);
			runOnlyForDeploymentPostprocessing = 0;
		};
/* End PBXResourcesBuildPhase section */

/* Begin PBXSourcesBuildPhase section */
		636E12901F88DBB10010396F /* Sources */ = {
			isa = PBXSourcesBuildPhase;
			buildActionMask = 2147483647;
			files = (
				636E129A1F88DBB10010396F /* ViewController.swift in Sources */,
				636E12981F88DBB10010396F /* AppDelegate.swift in Sources */,
			);
			runOnlyForDeploymentPostprocessing = 0;
		};
		636E12A41F88DBB20010396F /* Sources */ = {
			isa = PBXSourcesBuildPhase;
			buildActionMask = 2147483647;
			files = (
				636E12AD1F88DBB20010396F /* AppTests.swift in Sources */,
			);
			runOnlyForDeploymentPostprocessing = 0;
		};
		636E12AF1F88DBB20010396F /* Sources */ = {
			isa = PBXSourcesBuildPhase;
			buildActionMask = 2147483647;
			files = (
				636E12B81F88DBB20010396F /* AppUITests.swift in Sources */,
			);
			runOnlyForDeploymentPostprocessing = 0;
		};
/* End PBXSourcesBuildPhase section */

/* Begin PBXTargetDependency section */
		636E12AA1F88DBB20010396F /* PBXTargetDependency */ = {
			isa = PBXTargetDependency;
			target = 636E12931F88DBB10010396F /* App */;
			targetProxy = 636E12A91F88DBB20010396F /* PBXContainerItemProxy */;
		};
		636E12B51F88DBB20010396F /* PBXTargetDependency */ = {
			isa = PBXTargetDependency;
			target = 636E12931F88DBB10010396F /* App */;
			targetProxy = 636E12B41F88DBB20010396F /* PBXContainerItemProxy */;
		};
/* End PBXTargetDependency section */

/* Begin PBXVariantGroup section */
		636E129B1F88DBB10010396F /* Main.storyboard */ = {
			isa = PBXVariantGroup;
			children = (
				636E129C1F88DBB10010396F /* Base */,
			);
			name = Main.storyboard;
			sourceTree = "<group>";
		};
		636E12A01F88DBB10010396F /* LaunchScreen.storyboard */ = {
			isa = PBXVariantGroup;
			children = (
				636E12A11F88DBB10010396F /* Base */,
			);
			name = LaunchScreen.storyboard;
			sourceTree = "<group>";
		};
/* End PBXVariantGroup section */

/* Begin XCBuildConfiguration section */
		636E12BA1F88DBB20010396F /* Debug */ = {
			isa = XCBuildConfiguration;
			buildSettings = {
				ALWAYS_SEARCH_USER_PATHS = NO;
				CLANG_ANALYZER_NONNULL = YES;
				CLANG_ANALYZER_NUMBER_OBJECT_CONVERSION = YES_AGGRESSIVE;
				CLANG_CXX_LANGUAGE_STANDARD = "gnu++14";
				CLANG_CXX_LIBRARY = "libc++";
				CLANG_ENABLE_MODULES = YES;
				CLANG_ENABLE_OBJC_ARC = YES;
				CLANG_WARN_BLOCK_CAPTURE_AUTORELEASING = YES;
				CLANG_WARN_BOOL_CONVERSION = YES;
				CLANG_WARN_COMMA = YES;
				CLANG_WARN_CONSTANT_CONVERSION = YES;
				CLANG_WARN_DIRECT_OBJC_ISA_USAGE = YES_ERROR;
				CLANG_WARN_DOCUMENTATION_COMMENTS = YES;
				CLANG_WARN_EMPTY_BODY = YES;
				CLANG_WARN_ENUM_CONVERSION = YES;
				CLANG_WARN_INFINITE_RECURSION = YES;
				CLANG_WARN_INT_CONVERSION = YES;
				CLANG_WARN_NON_LITERAL_NULL_CONVERSION = YES;
				CLANG_WARN_OBJC_LITERAL_CONVERSION = YES;
				CLANG_WARN_OBJC_ROOT_CLASS = YES_ERROR;
				CLANG_WARN_RANGE_LOOP_ANALYSIS = YES;
				CLANG_WARN_STRICT_PROTOTYPES = YES;
				CLANG_WARN_SUSPICIOUS_MOVE = YES;
				CLANG_WARN_UNGUARDED_AVAILABILITY = YES_AGGRESSIVE;
				CLANG_WARN_UNREACHABLE_CODE = YES;
				CLANG_WARN__DUPLICATE_METHOD_MATCH = YES;
				CODE_SIGN_IDENTITY = "iPhone Developer";
				COPY_PHASE_STRIP = NO;
				DEBUG_INFORMATION_FORMAT = dwarf;
				ENABLE_STRICT_OBJC_MSGSEND = YES;
				ENABLE_TESTABILITY = YES;
				GCC_C_LANGUAGE_STANDARD = gnu11;
				GCC_DYNAMIC_NO_PIC = NO;
				GCC_NO_COMMON_BLOCKS = YES;
				GCC_OPTIMIZATION_LEVEL = 0;
				GCC_PREPROCESSOR_DEFINITIONS = (
					"DEBUG=1",
					"$(inherited)",
				);
				GCC_WARN_64_TO_32_BIT_CONVERSION = YES;
				GCC_WARN_ABOUT_RETURN_TYPE = YES_ERROR;
				GCC_WARN_UNDECLARED_SELECTOR = YES;
				GCC_WARN_UNINITIALIZED_AUTOS = YES_AGGRESSIVE;
				GCC_WARN_UNUSED_FUNCTION = YES;
				GCC_WARN_UNUSED_VARIABLE = YES;
				IPHONEOS_DEPLOYMENT_TARGET = 11.0;
				MTL_ENABLE_DEBUG_INFO = YES;
				ONLY_ACTIVE_ARCH = YES;
				SDKROOT = iphoneos;
				SWIFT_ACTIVE_COMPILATION_CONDITIONS = DEBUG;
				SWIFT_OPTIMIZATION_LEVEL = "-Onone";
			};
			name = Debug;
		};
		636E12BB1F88DBB20010396F /* Release */ = {
			isa = XCBuildConfiguration;
			buildSettings = {
				ALWAYS_SEARCH_USER_PATHS = NO;
				CLANG_ANALYZER_NONNULL = YES;
				CLANG_ANALYZER_NUMBER_OBJECT_CONVERSION = YES_AGGRESSIVE;
				CLANG_CXX_LANGUAGE_STANDARD = "gnu++14";
				CLANG_CXX_LIBRARY = "libc++";
				CLANG_ENABLE_MODULES = YES;
				CLANG_ENABLE_OBJC_ARC = YES;
				CLANG_WARN_BLOCK_CAPTURE_AUTORELEASING = YES;
				CLANG_WARN_BOOL_CONVERSION = YES;
				CLANG_WARN_COMMA = YES;
				CLANG_WARN_CONSTANT_CONVERSION = YES;
				CLANG_WARN_DIRECT_OBJC_ISA_USAGE = YES_ERROR;
				CLANG_WARN_DOCUMENTATION_COMMENTS = YES;
				CLANG_WARN_EMPTY_BODY = YES;
				CLANG_WARN_ENUM_CONVERSION = YES;
				CLANG_WARN_INFINITE_RECURSION = YES;
				CLANG_WARN_INT_CONVERSION = YES;
				CLANG_WARN_NON_LITERAL_NULL_CONVERSION = YES;
				CLANG_WARN_OBJC_LITERAL_CONVERSION = YES;
				CLANG_WARN_OBJC_ROOT_CLASS = YES_ERROR;
				CLANG_WARN_RANGE_LOOP_ANALYSIS = YES;
				CLANG_WARN_STRICT_PROTOTYPES = YES;
				CLANG_WARN_SUSPICIOUS_MOVE = YES;
				CLANG_WARN_UNGUARDED_AVAILABILITY = YES_AGGRESSIVE;
				CLANG_WARN_UNREACHABLE_CODE = YES;
				CLANG_WARN__DUPLICATE_METHOD_MATCH = YES;
				CODE_SIGN_IDENTITY = "iPhone Developer";
				COPY_PHASE_STRIP = NO;
				DEBUG_INFORMATION_FORMAT = "dwarf-with-dsym";
				ENABLE_NS_ASSERTIONS = NO;
				ENABLE_STRICT_OBJC_MSGSEND = YES;
				GCC_C_LANGUAGE_STANDARD = gnu11;
				GCC_NO_COMMON_BLOCKS = YES;
				GCC_WARN_64_TO_32_BIT_CONVERSION = YES;
				GCC_WARN_ABOUT_RETURN_TYPE = YES_ERROR;
				GCC_WARN_UNDECLARED_SELECTOR = YES;
				GCC_WARN_UNINITIALIZED_AUTOS = YES_AGGRESSIVE;
				GCC_WARN_UNUSED_FUNCTION = YES;
				GCC_WARN_UNUSED_VARIABLE = YES;
				IPHONEOS_DEPLOYMENT_TARGET = 11.0;
				MTL_ENABLE_DEBUG_INFO = NO;
				SDKROOT = iphoneos;
				SWIFT_OPTIMIZATION_LEVEL = "-Owholemodule";
				VALIDATE_PRODUCT = YES;
			};
			name = Release;
		};
		636E12BD1F88DBB20010396F /* Debug */ = {
			isa = XCBuildConfiguration;
			buildSettings = {
				ASSETCATALOG_COMPILER_APPICON_NAME = AppIcon;
				CODE_SIGN_STYLE = Automatic;
				DEVELOPMENT_TEAM = 7P6AJEE272;
				INFOPLIST_FILE = App/Info.plist;
				LD_RUNPATH_SEARCH_PATHS = "$(inherited) @executable_path/Frameworks";
				PRODUCT_BUNDLE_IDENTIFIER = com.iosdevschool.App;
				PRODUCT_NAME = "$(TARGET_NAME)";
				SWIFT_VERSION = 4.0;
				TARGETED_DEVICE_FAMILY = "1,2";
			};
			name = Debug;
		};
		636E12BE1F88DBB20010396F /* Release */ = {
			isa = XCBuildConfiguration;
			buildSettings = {
				ASSETCATALOG_COMPILER_APPICON_NAME = AppIcon;
				CODE_SIGN_STYLE = Automatic;
				DEVELOPMENT_TEAM = 7P6AJEE272;
				INFOPLIST_FILE = App/Info.plist;
				LD_RUNPATH_SEARCH_PATHS = "$(inherited) @executable_path/Frameworks";
				PRODUCT_BUNDLE_IDENTIFIER = com.iosdevschool.App;
				PRODUCT_NAME = "$(TARGET_NAME)";
				SWIFT_VERSION = 4.0;
				TARGETED_DEVICE_FAMILY = "1,2";
			};
			name = Release;
		};
		636E12C01F88DBB20010396F /* Debug */ = {
			isa = XCBuildConfiguration;
			buildSettings = {
				ALWAYS_EMBED_SWIFT_STANDARD_LIBRARIES = YES;
				BUNDLE_LOADER = "$(TEST_HOST)";
				CODE_SIGN_STYLE = Automatic;
				DEVELOPMENT_TEAM = 7P6AJEE272;
				INFOPLIST_FILE = AppTests/Info.plist;
				LD_RUNPATH_SEARCH_PATHS = "$(inherited) @executable_path/Frameworks @loader_path/Frameworks";
				PRODUCT_BUNDLE_IDENTIFIER = com.iosdevschool.AppTests;
				PRODUCT_NAME = "$(TARGET_NAME)";
				SWIFT_VERSION = 4.0;
				TARGETED_DEVICE_FAMILY = "1,2";
				TEST_HOST = "$(BUILT_PRODUCTS_DIR)/App.app/App";
			};
			name = Debug;
		};
		636E12C11F88DBB20010396F /* Release */ = {
			isa = XCBuildConfiguration;
			buildSettings = {
				ALWAYS_EMBED_SWIFT_STANDARD_LIBRARIES = YES;
				BUNDLE_LOADER = "$(TEST_HOST)";
				CODE_SIGN_STYLE = Automatic;
				DEVELOPMENT_TEAM = 7P6AJEE272;
				INFOPLIST_FILE = AppTests/Info.plist;
				LD_RUNPATH_SEARCH_PATHS = "$(inherited) @executable_path/Frameworks @loader_path/Frameworks";
				PRODUCT_BUNDLE_IDENTIFIER = com.iosdevschool.AppTests;
				PRODUCT_NAME = "$(TARGET_NAME)";
				SWIFT_VERSION = 4.0;
				TARGETED_DEVICE_FAMILY = "1,2";
				TEST_HOST = "$(BUILT_PRODUCTS_DIR)/App.app/App";
			};
			name = Release;
		};
		636E12C31F88DBB20010396F /* Debug */ = {
			isa = XCBuildConfiguration;
			buildSettings = {
				ALWAYS_EMBED_SWIFT_STANDARD_LIBRARIES = YES;
				CODE_SIGN_STYLE = Automatic;
				DEVELOPMENT_TEAM = 7P6AJEE272;
				INFOPLIST_FILE = AppUITests/Info.plist;
				LD_RUNPATH_SEARCH_PATHS = "$(inherited) @executable_path/Frameworks @loader_path/Frameworks";
				PRODUCT_BUNDLE_IDENTIFIER = com.iosdevschool.AppUITests;
				PRODUCT_NAME = "$(TARGET_NAME)";
				SWIFT_VERSION = 4.0;
				TARGETED_DEVICE_FAMILY = "1,2";
				TEST_TARGET_NAME = App;
			};
			name = Debug;
		};
		636E12C41F88DBB20010396F /* Release */ = {
			isa = XCBuildConfiguration;
			buildSettings = {
				ALWAYS_EMBED_SWIFT_STANDARD_LIBRARIES = YES;
				CODE_SIGN_STYLE = Automatic;
				DEVELOPMENT_TEAM = 7P6AJEE272;
				INFOPLIST_FILE = AppUITests/Info.plist;
				LD_RUNPATH_SEARCH_PATHS = "$(inherited) @executable_path/Frameworks @loader_path/Frameworks";
				PRODUCT_BUNDLE_IDENTIFIER = com.iosdevschool.AppUITests;
				PRODUCT_NAME = "$(TARGET_NAME)";
				SWIFT_VERSION = 4.0;
				TARGETED_DEVICE_FAMILY = "1,2";
				TEST_TARGET_NAME = App;
			};
			name = Release;
		};
/* End XCBuildConfiguration section */

/* Begin XCConfigurationList section */
		636E128F1F88DBB10010396F /* Build configuration list for PBXProject "App" */ = {
			isa = XCConfigurationList;
			buildConfigurations = (
				636E12BA1F88DBB20010396F /* Debug */,
				636E12BB1F88DBB20010396F /* Release */,
			);
			defaultConfigurationIsVisible = 0;
			defaultConfigurationName = Release;
		};
		636E12BC1F88DBB20010396F /* Build configuration list for PBXNativeTarget "App" */ = {
			isa = XCConfigurationList;
			buildConfigurations = (
				636E12BD1F88DBB20010396F /* Debug */,
				636E12BE1F88DBB20010396F /* Release */,
			);
			defaultConfigurationIsVisible = 0;
			defaultConfigurationName = Release;
		};
		636E12BF1F88DBB20010396F /* Build configuration list for PBXNativeTarget "AppTests" */ = {
			isa = XCConfigurationList;
			buildConfigurations = (
				636E12C01F88DBB20010396F /* Debug */,
				636E12C11F88DBB20010396F /* Release */,
			);
			defaultConfigurationIsVisible = 0;
			defaultConfigurationName = Release;
		};
		636E12C21F88DBB20010396F /* Build configuration list for PBXNativeTarget "AppUITests" */ = {
			isa = XCConfigurationList;
			buildConfigurations = (
				636E12C31F88DBB20010396F /* Debug */,
				636E12C41F88DBB20010396F /* Release */,
			);
			defaultConfigurationIsVisible = 0;
			defaultConfigurationName = Release;
		};
/* End XCConfigurationList section */
	};
	rootObject = 636E128C1F88DBB10010396F /* Project object */;
}
